{
  "name": "demo",
  "version": "1.0.0",
  "lockfileVersion": 2,
  "requires": true,
  "packages": {
    "": {
      "name": "demo",
      "version": "1.0.0",
      "license": "ISC",
      "dependencies": {
        "liuyi-clone": "^1.0.3"
      }
    },
    "node_modules/liuyi-clone": {
      "version": "1.0.3",
      "resolved": "https://registry.npmjs.org/liuyi-clone/-/liuyi-clone-1.0.3.tgz",
      "integrity": "sha512-ouzgWbrHDtRE59AT4COWn3BrSP569v6ed90bPQByMTQ2QcwQahY5gLCSsWlbr0pB0J8sfp6PveUY8mFM+iD4Kg=="
    }
  },
  "dependencies": {
    "liuyi-clone": {
      "version": "1.0.3",
      "resolved": "https://registry.npmjs.org/liuyi-clone/-/liuyi-clone-1.0.3.tgz",
      "integrity": "sha512-ouzgWbrHDtRE59AT4COWn3BrSP569v6ed90bPQByMTQ2QcwQahY5gLCSsWlbr0pB0J8sfp6PveUY8mFM+iD4Kg=="
    }
  }
}
